
Microsoft Visual Studio Solution File, Format Version 12.00
# Visual Studio 15
VisualStudioVersion = 15.0.28307.902
MinimumVisualStudioVersion = 10.0.40219.1
Project("{2150E333-8FDC-42A3-9474-1A3956D46DE8}") = "CLT.WEB.BIZ", "CLT.WEB.BIZ", "{282B5667-41B0-4B56-A8DB-B129A8F2765A}"
EndProject
Project("{2150E333-8FDC-42A3-9474-1A3956D46DE8}") = "CLT.WEB.UI", "CLT.WEB.UI", "{C24AE461-BA32-4D74-BC83-6AE6C126EC07}"
EndProject
Project("{2150E333-8FDC-42A3-9474-1A3956D46DE8}") = "CLT.WEB.BIZ.FX", "CLT.WEB.BIZ.FX", "{FBF7B768-5ECF-4A98-B5CC-BC81CEA162AA}"
EndProject
Project("{2150E333-8FDC-42A3-9474-1A3956D46DE8}") = "CLT.WEB.BIZ.LMS", "CLT.WEB.BIZ.LMS", "{F3A912BF-1D56-47E9-AD1E-D3CD971521D1}"
EndProject
Project("{2150E333-8FDC-42A3-9474-1A3956D46DE8}") = "CLT.WEB.UI.COMMON", "CLT.WEB.UI.COMMON", "{4B12A31A-0FC2-40C5-8E9E-C9CE11E5D238}"
EndProject
Project("{2150E333-8FDC-42A3-9474-1A3956D46DE8}") = "CLT.WEB.UI.FX", "CLT.WEB.UI.FX", "{E70D6D79-AD99-477E-82C1-F3D6D02804CB}"
EndProject
Project("{2150E333-8FDC-42A3-9474-1A3956D46DE8}") = "CLT.WEB.UI.LMS", "CLT.WEB.UI.LMS", "{1F56B741-6C6D-4186-83E8-D62E897224A9}"
EndProject
Project("{FAE04EC0-301F-11D3-BF4B-00C04F79EFBC}") = "CLT.WEB.BIZ.FX.BIZBASE", "CLT.WEB.BIZ\CLT.WEB.BIZ.FX\CLT.WEB.BIZ.FX.BIZBASE\CLT.WEB.BIZ.FX.BIZBASE.csproj", "{0D3216B8-1DBE-427B-8406-313C4FC2D014}"
EndProject
Project("{FAE04EC0-301F-11D3-BF4B-00C04F79EFBC}") = "CLT.WEB.UI.FX.AGENT", "CLT.WEB.UI\CLT.WEB.UI.FX\CLT.WEB.UI.FX.AGENT\CLT.WEB.UI.FX.AGENT.csproj", "{4A65BB74-4709-4DFE-99D3-FD5DF24B5185}"
EndProject
Project("{FAE04EC0-301F-11D3-BF4B-00C04F79EFBC}") = "CLT.WEB.UI.FX.UTIL", "CLT.WEB.UI\CLT.WEB.UI.FX\CLT.WEB.UI.FX.UTIL\CLT.WEB.UI.FX.UTIL.csproj", "{A7254BFE-6011-40AC-821C-D9DB21540289}"
EndProject
Project("{FAE04EC0-301F-11D3-BF4B-00C04F79EFBC}") = "CLT.WEB.UI.LMS.MAIN", "CLT.WEB.UI\CLT.WEB.UI.LMS\CLT.WEB.UI.LMS.MAIN\CLT.WEB.UI.LMS.MAIN.csproj", "{9D6644FC-C11E-4D86-A6D3-1D564C118381}"
EndProject
Project("{FAE04EC0-301F-11D3-BF4B-00C04F79EFBC}") = "CLT.WEB.UI.COMMON.BASE", "CLT.WEB.UI\CLT.WEB.UI.COMMON\CLT.WEB.UI.COMMON.BASE\CLT.WEB.UI.COMMON.BASE.csproj", "{20C17C63-9F00-4844-A825-122084DEB2C6}"
EndProject
Project("{FAE04EC0-301F-11D3-BF4B-00C04F79EFBC}") = "CLT.WEB.BIZ.LMS.CURR", "CLT.WEB.BIZ\CLT.WEB.BIZ.LMS\CLT.WEB.BIZ.LMS.CURR\CLT.WEB.BIZ.LMS.CURR.csproj", "{991FA022-E013-47BC-955A-0A6E363D0405}"
EndProject
Project("{FAE04EC0-301F-11D3-BF4B-00C04F79EFBC}") = "CLT.WEB.BIZ.LMS.COMMON", "CLT.WEB.BIZ\CLT.WEB.BIZ.LMS\CLT.WEB.BIZ.LMS.COMMON\CLT.WEB.BIZ.LMS.COMMON.csproj", "{8133FADB-F43B-417C-B30D-946D55236211}"
EndProject
Project("{FAE04EC0-301F-11D3-BF4B-00C04F79EFBC}") = "CLT.WEB.UI.LMS.COMMON", "CLT.WEB.UI\CLT.WEB.UI.LMS\CLT.WEB.UI.LMS.MAIN\common\CLT.WEB.UI.LMS.COMMON.csproj", "{062B3841-81AC-4E75-8DCE-3DAEDE6F8AC1}"
EndProject
Project("{FAE04EC0-301F-11D3-BF4B-00C04F79EFBC}") = "CLT.WEB.UI.LMS.CURR", "CLT.WEB.UI\CLT.WEB.UI.LMS\CLT.WEB.UI.LMS.MAIN\curr\CLT.WEB.UI.LMS.CURR.csproj", "{A3E5B6B1-B0A4-45C2-9408-DC66FD0AD98B}"
EndProject
Project("{FAE04EC0-301F-11D3-BF4B-00C04F79EFBC}") = "CLT.WEB.BIZ.LMS.MAIN", "CLT.WEB.BIZ\CLT.WEB.BIZ.LMS\CLT.WEB.BIZ.LMS.MAIN\CLT.WEB.BIZ.LMS.MAIN.csproj", "{E1B8E95A-6DCC-4851-9AF9-88A9DC5182FB}"
EndProject
Project("{FAE04EC0-301F-11D3-BF4B-00C04F79EFBC}") = "CLT.WEB.UI.LMS.MANAGE", "CLT.WEB.UI\CLT.WEB.UI.LMS\CLT.WEB.UI.LMS.MAIN\manage\CLT.WEB.UI.LMS.MANAGE.csproj", "{034BF492-FDBF-4167-B236-4717F1CF87E2}"
EndProject
Project("{FAE04EC0-301F-11D3-BF4B-00C04F79EFBC}") = "CLT.WEB.BIZ.LMS.MANAGE", "CLT.WEB.BIZ\CLT.WEB.BIZ.LMS\CLT.WEB.BIZ.LMS.MANAGE\CLT.WEB.BIZ.LMS.MANAGE.csproj", "{9505B9E6-1B7B-4557-8278-ACF6ED56B0A6}"
EndProject
Project("{FAE04EC0-301F-11D3-BF4B-00C04F79EFBC}") = "CLT.WEB.UI.LMS.APPLICATION", "CLT.WEB.UI\CLT.WEB.UI.LMS\CLT.WEB.UI.LMS.MAIN\application\CLT.WEB.UI.LMS.APPLICATION.csproj", "{0DD3D469-7CB1-4B60-BCAD-396218B08363}"
EndProject
Project("{FAE04EC0-301F-11D3-BF4B-00C04F79EFBC}") = "CLT.WEB.UI.LMS.APPR", "CLT.WEB.UI\CLT.WEB.UI.LMS\CLT.WEB.UI.LMS.MAIN\appr\CLT.WEB.UI.LMS.APPR.csproj", "{3D71904D-8252-4250-8CCD-0D99BA50CAAD}"
EndProject
Project("{FAE04EC0-301F-11D3-BF4B-00C04F79EFBC}") = "CLT.WEB.UI.LMS.COMMISSION", "CLT.WEB.UI\CLT.WEB.UI.LMS\CLT.WEB.UI.LMS.MAIN\commission\CLT.WEB.UI.LMS.COMMISSION.csproj", "{E6E628AD-2BD7-48C2-84F5-EEC2F2078D0E}"
EndProject
Project("{FAE04EC0-301F-11D3-BF4B-00C04F79EFBC}") = "CLT.WEB.UI.LMS.COMMUNITY", "CLT.WEB.UI\CLT.WEB.UI.LMS\CLT.WEB.UI.LMS.MAIN\community\CLT.WEB.UI.LMS.COMMUNITY.csproj", "{CEFF976B-49BF-4ED9-B490-3C365955DA24}"
EndProject
Project("{FAE04EC0-301F-11D3-BF4B-00C04F79EFBC}") = "CLT.WEB.UI.LMS.EDUM", "CLT.WEB.UI\CLT.WEB.UI.LMS\CLT.WEB.UI.LMS.MAIN\edum\CLT.WEB.UI.LMS.EDUM.csproj", "{3FAE7CD6-8A70-4492-9FA9-B257715AD24F}"
EndProject
Project("{FAE04EC0-301F-11D3-BF4B-00C04F79EFBC}") = "CLT.WEB.UI.LMS.INTRO", "CLT.WEB.UI\CLT.WEB.UI.LMS\CLT.WEB.UI.LMS.MAIN\intro\CLT.WEB.UI.LMS.INTRO.csproj", "{D551EEFF-0A91-45AB-AC6D-94DDFBD7876E}"
EndProject
Project("{FAE04EC0-301F-11D3-BF4B-00C04F79EFBC}") = "CLT.WEB.UI.LMS.MYPAGE", "CLT.WEB.UI\CLT.WEB.UI.LMS\CLT.WEB.UI.LMS.MAIN\mypage\CLT.WEB.UI.LMS.MYPAGE.csproj", "{38D65AE8-06AB-4F38-899B-9314555C2E68}"
EndProject
Project("{FAE04EC0-301F-11D3-BF4B-00C04F79EFBC}") = "CLT.WEB.BIZ.LMS.APPLICATION", "CLT.WEB.BIZ\CLT.WEB.BIZ.LMS\CLT.WEB.BIZ.LMS.APPLICATION\CLT.WEB.BIZ.LMS.APPLICATION.csproj", "{3A791F6B-4993-4B14-9843-8267229355FA}"
EndProject
Project("{FAE04EC0-301F-11D3-BF4B-00C04F79EFBC}") = "CLT.WEB.BIZ.LMS.APPR", "CLT.WEB.BIZ\CLT.WEB.BIZ.LMS\CLT.WEB.BIZ.LMS.APPR\CLT.WEB.BIZ.LMS.APPR.csproj", "{ABA95211-73F5-4464-87F7-CB82FED99C10}"
EndProject
Project("{FAE04EC0-301F-11D3-BF4B-00C04F79EFBC}") = "CLT.WEB.BIZ.LMS.COMMISSION", "CLT.WEB.BIZ\CLT.WEB.BIZ.LMS\CLT.WEB.BIZ.LMS.COMMISSION\CLT.WEB.BIZ.LMS.COMMISSION.csproj", "{8FCDB77E-7F3B-4483-9D41-1216D67885F9}"
EndProject
Project("{FAE04EC0-301F-11D3-BF4B-00C04F79EFBC}") = "CLT.WEB.BIZ.LMS.COMMUNITY", "CLT.WEB.BIZ\CLT.WEB.BIZ.LMS\CLT.WEB.BIZ.LMS.COMMUNITY\CLT.WEB.BIZ.LMS.COMMUNITY.csproj", "{1D0044C9-468F-469E-9AF0-FA426452B2D3}"
EndProject
Project("{FAE04EC0-301F-11D3-BF4B-00C04F79EFBC}") = "CLT.WEB.BIZ.LMS.MYPAGE", "CLT.WEB.BIZ\CLT.WEB.BIZ.LMS\CLT.WEB.BIZ.LMS.MYPAGE\CLT.WEB.BIZ.LMS.MYPAGE.csproj", "{4F331E4D-15A7-42C0-B70F-6A59EB337757}"
EndProject
Project("{FAE04EC0-301F-11D3-BF4B-00C04F79EFBC}") = "CLT.WEB.BIZ.LMS.EDUM", "CLT.WEB.BIZ\CLT.WEB.BIZ.LMS\CLT.WEB.BIZ.LMS.EDUM\CLT.WEB.BIZ.LMS.EDUM.csproj", "{BDFC3B80-603F-405C-A54B-D962660B9B36}"
EndProject
Project("{FAE04EC0-301F-11D3-BF4B-00C04F79EFBC}") = "CLT.WEB.UI.COMMON.CONTROL", "CLT.WEB.UI\CLT.WEB.UI.COMMON\CLT.WEB.UI.COMMON.CONTROL\CLT.WEB.UI.COMMON.CONTROL.csproj", "{7DC462DA-29BB-4122-ADC5-EAA12F21201D}"
EndProject
Project("{FAE04EC0-301F-11D3-BF4B-00C04F79EFBC}") = "CLT.WEB.UI.LMS.ETC", "CLT.WEB.UI\CLT.WEB.UI.LMS\CLT.WEB.UI.LMS.MAIN\etc\CLT.WEB.UI.LMS.ETC.csproj", "{15AF2D13-44A8-4927-9695-26BE136F2DEF}"
EndProject
Global
	GlobalSection(SolutionConfigurationPlatforms) = preSolution
		Debug|Any CPU = Debug|Any CPU
		Release|Any CPU = Release|Any CPU
	EndGlobalSection
	GlobalSection(ProjectConfigurationPlatforms) = postSolution
		{0D3216B8-1DBE-427B-8406-313C4FC2D014}.Debug|Any CPU.ActiveCfg = Debug|Any CPU
		{0D3216B8-1DBE-427B-8406-313C4FC2D014}.Debug|Any CPU.Build.0 = Debug|Any CPU
		{0D3216B8-1DBE-427B-8406-313C4FC2D014}.Release|Any CPU.ActiveCfg = Release|Any CPU
		{0D3216B8-1DBE-427B-8406-313C4FC2D014}.Release|Any CPU.Build.0 = Release|Any CPU
		{4A65BB74-4709-4DFE-99D3-FD5DF24B5185}.Debug|Any CPU.ActiveCfg = Debug|Any CPU
		{4A65BB74-4709-4DFE-99D3-FD5DF24B5185}.Debug|Any CPU.Build.0 = Debug|Any CPU
		{4A65BB74-4709-4DFE-99D3-FD5DF24B5185}.Release|Any CPU.ActiveCfg = Release|Any CPU
		{4A65BB74-4709-4DFE-99D3-FD5DF24B5185}.Release|Any CPU.Build.0 = Release|Any CPU
		{A7254BFE-6011-40AC-821C-D9DB21540289}.Debug|Any CPU.ActiveCfg = Debug|Any CPU
		{A7254BFE-6011-40AC-821C-D9DB21540289}.Debug|Any CPU.Build.0 = Debug|Any CPU
		{A7254BFE-6011-40AC-821C-D9DB21540289}.Release|Any CPU.ActiveCfg = Release|Any CPU
		{A7254BFE-6011-40AC-821C-D9DB21540289}.Release|Any CPU.Build.0 = Release|Any CPU
		{9D6644FC-C11E-4D86-A6D3-1D564C118381}.Debug|Any CPU.ActiveCfg = Debug|Any CPU
		{9D6644FC-C11E-4D86-A6D3-1D564C118381}.Debug|Any CPU.Build.0 = Debug|Any CPU
		{9D6644FC-C11E-4D86-A6D3-1D564C118381}.Release|Any CPU.ActiveCfg = Release|Any CPU
		{9D6644FC-C11E-4D86-A6D3-1D564C118381}.Release|Any CPU.Build.0 = Release|Any CPU
		{20C17C63-9F00-4844-A825-122084DEB2C6}.Debug|Any CPU.ActiveCfg = Debug|Any CPU
		{20C17C63-9F00-4844-A825-122084DEB2C6}.Debug|Any CPU.Build.0 = Debug|Any CPU
		{20C17C63-9F00-4844-A825-122084DEB2C6}.Release|Any CPU.ActiveCfg = Release|Any CPU
		{20C17C63-9F00-4844-A825-122084DEB2C6}.Release|Any CPU.Build.0 = Release|Any CPU
		{991FA022-E013-47BC-955A-0A6E363D0405}.Debug|Any CPU.ActiveCfg = Debug|Any CPU
		{991FA022-E013-47BC-955A-0A6E363D0405}.Debug|Any CPU.Build.0 = Debug|Any CPU
		{991FA022-E013-47BC-955A-0A6E363D0405}.Release|Any CPU.ActiveCfg = Release|Any CPU
		{991FA022-E013-47BC-955A-0A6E363D0405}.Release|Any CPU.Build.0 = Release|Any CPU
		{8133FADB-F43B-417C-B30D-946D55236211}.Debug|Any CPU.ActiveCfg = Debug|Any CPU
		{8133FADB-F43B-417C-B30D-946D55236211}.Debug|Any CPU.Build.0 = Debug|Any CPU
		{8133FADB-F43B-417C-B30D-946D55236211}.Release|Any CPU.ActiveCfg = Release|Any CPU
		{8133FADB-F43B-417C-B30D-946D55236211}.Release|Any CPU.Build.0 = Release|Any CPU
		{062B3841-81AC-4E75-8DCE-3DAEDE6F8AC1}.Debug|Any CPU.ActiveCfg = Debug|Any CPU
		{062B3841-81AC-4E75-8DCE-3DAEDE6F8AC1}.Debug|Any CPU.Build.0 = Debug|Any CPU
		{062B3841-81AC-4E75-8DCE-3DAEDE6F8AC1}.Release|Any CPU.ActiveCfg = Release|Any CPU
		{062B3841-81AC-4E75-8DCE-3DAEDE6F8AC1}.Release|Any CPU.Build.0 = Release|Any CPU
		{A3E5B6B1-B0A4-45C2-9408-DC66FD0AD98B}.Debug|Any CPU.ActiveCfg = Debug|Any CPU
		{A3E5B6B1-B0A4-45C2-9408-DC66FD0AD98B}.Debug|Any CPU.Build.0 = Debug|Any CPU
		{A3E5B6B1-B0A4-45C2-9408-DC66FD0AD98B}.Release|Any CPU.ActiveCfg = Release|Any CPU
		{A3E5B6B1-B0A4-45C2-9408-DC66FD0AD98B}.Release|Any CPU.Build.0 = Release|Any CPU
		{E1B8E95A-6DCC-4851-9AF9-88A9DC5182FB}.Debug|Any CPU.ActiveCfg = Debug|Any CPU
		{E1B8E95A-6DCC-4851-9AF9-88A9DC5182FB}.Debug|Any CPU.Build.0 = Debug|Any CPU
		{E1B8E95A-6DCC-4851-9AF9-88A9DC5182FB}.Release|Any CPU.ActiveCfg = Release|Any CPU
		{E1B8E95A-6DCC-4851-9AF9-88A9DC5182FB}.Release|Any CPU.Build.0 = Release|Any CPU
		{034BF492-FDBF-4167-B236-4717F1CF87E2}.Debug|Any CPU.ActiveCfg = Debug|Any CPU
		{034BF492-FDBF-4167-B236-4717F1CF87E2}.Debug|Any CPU.Build.0 = Debug|Any CPU
		{034BF492-FDBF-4167-B236-4717F1CF87E2}.Release|Any CPU.ActiveCfg = Release|Any CPU
		{034BF492-FDBF-4167-B236-4717F1CF87E2}.Release|Any CPU.Build.0 = Release|Any CPU
		{9505B9E6-1B7B-4557-8278-ACF6ED56B0A6}.Debug|Any CPU.ActiveCfg = Debug|Any CPU
		{9505B9E6-1B7B-4557-8278-ACF6ED56B0A6}.Debug|Any CPU.Build.0 = Debug|Any CPU
		{9505B9E6-1B7B-4557-8278-ACF6ED56B0A6}.Release|Any CPU.ActiveCfg = Release|Any CPU
		{9505B9E6-1B7B-4557-8278-ACF6ED56B0A6}.Release|Any CPU.Build.0 = Release|Any CPU
		{0DD3D469-7CB1-4B60-BCAD-396218B08363}.Debug|Any CPU.ActiveCfg = Debug|Any CPU
		{0DD3D469-7CB1-4B60-BCAD-396218B08363}.Debug|Any CPU.Build.0 = Debug|Any CPU
		{0DD3D469-7CB1-4B60-BCAD-396218B08363}.Release|Any CPU.ActiveCfg = Release|Any CPU
		{0DD3D469-7CB1-4B60-BCAD-396218B08363}.Release|Any CPU.Build.0 = Release|Any CPU
		{3D71904D-8252-4250-8CCD-0D99BA50CAAD}.Debug|Any CPU.ActiveCfg = Debug|Any CPU
		{3D71904D-8252-4250-8CCD-0D99BA50CAAD}.Debug|Any CPU.Build.0 = Debug|Any CPU
		{3D71904D-8252-4250-8CCD-0D99BA50CAAD}.Release|Any CPU.ActiveCfg = Release|Any CPU
		{3D71904D-8252-4250-8CCD-0D99BA50CAAD}.Release|Any CPU.Build.0 = Release|Any CPU
		{E6E628AD-2BD7-48C2-84F5-EEC2F2078D0E}.Debug|Any CPU.ActiveCfg = Debug|Any CPU
		{E6E628AD-2BD7-48C2-84F5-EEC2F2078D0E}.Debug|Any CPU.Build.0 = Debug|Any CPU
		{E6E628AD-2BD7-48C2-84F5-EEC2F2078D0E}.Release|Any CPU.ActiveCfg = Release|Any CPU
		{E6E628AD-2BD7-48C2-84F5-EEC2F2078D0E}.Release|Any CPU.Build.0 = Release|Any CPU
		{CEFF976B-49BF-4ED9-B490-3C365955DA24}.Debug|Any CPU.ActiveCfg = Debug|Any CPU
		{CEFF976B-49BF-4ED9-B490-3C365955DA24}.Debug|Any CPU.Build.0 = Debug|Any CPU
		{CEFF976B-49BF-4ED9-B490-3C365955DA24}.Release|Any CPU.ActiveCfg = Release|Any CPU
		{CEFF976B-49BF-4ED9-B490-3C365955DA24}.Release|Any CPU.Build.0 = Release|Any CPU
		{3FAE7CD6-8A70-4492-9FA9-B257715AD24F}.Debug|Any CPU.ActiveCfg = Debug|Any CPU
		{3FAE7CD6-8A70-4492-9FA9-B257715AD24F}.Debug|Any CPU.Build.0 = Debug|Any CPU
		{3FAE7CD6-8A70-4492-9FA9-B257715AD24F}.Release|Any CPU.ActiveCfg = Release|Any CPU
		{3FAE7CD6-8A70-4492-9FA9-B257715AD24F}.Release|Any CPU.Build.0 = Release|Any CPU
		{D551EEFF-0A91-45AB-AC6D-94DDFBD7876E}.Debug|Any CPU.ActiveCfg = Debug|Any CPU
		{D551EEFF-0A91-45AB-AC6D-94DDFBD7876E}.Debug|Any CPU.Build.0 = Debug|Any CPU
		{D551EEFF-0A91-45AB-AC6D-94DDFBD7876E}.Release|Any CPU.ActiveCfg = Release|Any CPU
		{D551EEFF-0A91-45AB-AC6D-94DDFBD7876E}.Release|Any CPU.Build.0 = Release|Any CPU
		{38D65AE8-06AB-4F38-899B-9314555C2E68}.Debug|Any CPU.ActiveCfg = Debug|Any CPU
		{38D65AE8-06AB-4F38-899B-9314555C2E68}.Debug|Any CPU.Build.0 = Debug|Any CPU
		{38D65AE8-06AB-4F38-899B-9314555C2E68}.Release|Any CPU.ActiveCfg = Release|Any CPU
		{38D65AE8-06AB-4F38-899B-9314555C2E68}.Release|Any CPU.Build.0 = Release|Any CPU
		{3A791F6B-4993-4B14-9843-8267229355FA}.Debug|Any CPU.ActiveCfg = Debug|Any CPU
		{3A791F6B-4993-4B14-9843-8267229355FA}.Debug|Any CPU.Build.0 = Debug|Any CPU
		{3A791F6B-4993-4B14-9843-8267229355FA}.Release|Any CPU.ActiveCfg = Release|Any CPU
		{3A791F6B-4993-4B14-9843-8267229355FA}.Release|Any CPU.Build.0 = Release|Any CPU
		{ABA95211-73F5-4464-87F7-CB82FED99C10}.Debug|Any CPU.ActiveCfg = Debug|Any CPU
		{ABA95211-73F5-4464-87F7-CB82FED99C10}.Debug|Any CPU.Build.0 = Debug|Any CPU
		{ABA95211-73F5-4464-87F7-CB82FED99C10}.Release|Any CPU.ActiveCfg = Release|Any CPU
		{ABA95211-73F5-4464-87F7-CB82FED99C10}.Release|Any CPU.Build.0 = Release|Any CPU
		{8FCDB77E-7F3B-4483-9D41-1216D67885F9}.Debug|Any CPU.ActiveCfg = Debug|Any CPU
		{8FCDB77E-7F3B-4483-9D41-1216D67885F9}.Debug|Any CPU.Build.0 = Debug|Any CPU
		{8FCDB77E-7F3B-4483-9D41-1216D67885F9}.Release|Any CPU.ActiveCfg = Release|Any CPU
		{8FCDB77E-7F3B-4483-9D41-1216D67885F9}.Release|Any CPU.Build.0 = Release|Any CPU
		{1D0044C9-468F-469E-9AF0-FA426452B2D3}.Debug|Any CPU.ActiveCfg = Debug|Any CPU
		{1D0044C9-468F-469E-9AF0-FA426452B2D3}.Debug|Any CPU.Build.0 = Debug|Any CPU
		{1D0044C9-468F-469E-9AF0-FA426452B2D3}.Release|Any CPU.ActiveCfg = Release|Any CPU
		{1D0044C9-468F-469E-9AF0-FA426452B2D3}.Release|Any CPU.Build.0 = Release|Any CPU
		{4F331E4D-15A7-42C0-B70F-6A59EB337757}.Debug|Any CPU.ActiveCfg = Debug|Any CPU
		{4F331E4D-15A7-42C0-B70F-6A59EB337757}.Debug|Any CPU.Build.0 = Debug|Any CPU
		{4F331E4D-15A7-42C0-B70F-6A59EB337757}.Release|Any CPU.ActiveCfg = Release|Any CPU
		{4F331E4D-15A7-42C0-B70F-6A59EB337757}.Release|Any CPU.Build.0 = Release|Any CPU
		{BDFC3B80-603F-405C-A54B-D962660B9B36}.Debug|Any CPU.ActiveCfg = Debug|Any CPU
		{BDFC3B80-603F-405C-A54B-D962660B9B36}.Debug|Any CPU.Build.0 = Debug|Any CPU
		{BDFC3B80-603F-405C-A54B-D962660B9B36}.Release|Any CPU.ActiveCfg = Release|Any CPU
		{BDFC3B80-603F-405C-A54B-D962660B9B36}.Release|Any CPU.Build.0 = Release|Any CPU
		{7DC462DA-29BB-4122-ADC5-EAA12F21201D}.Debug|Any CPU.ActiveCfg = Debug|Any CPU
		{7DC462DA-29BB-4122-ADC5-EAA12F21201D}.Debug|Any CPU.Build.0 = Debug|Any CPU
		{7DC462DA-29BB-4122-ADC5-EAA12F21201D}.Release|Any CPU.ActiveCfg = Release|Any CPU
		{7DC462DA-29BB-4122-ADC5-EAA12F21201D}.Release|Any CPU.Build.0 = Release|Any CPU
		{15AF2D13-44A8-4927-9695-26BE136F2DEF}.Debug|Any CPU.ActiveCfg = Debug|Any CPU
		{15AF2D13-44A8-4927-9695-26BE136F2DEF}.Debug|Any CPU.Build.0 = Debug|Any CPU
		{15AF2D13-44A8-4927-9695-26BE136F2DEF}.Release|Any CPU.ActiveCfg = Release|Any CPU
		{15AF2D13-44A8-4927-9695-26BE136F2DEF}.Release|Any CPU.Build.0 = Release|Any CPU
	EndGlobalSection
	GlobalSection(SolutionProperties) = preSolution
		HideSolutionNode = FALSE
	EndGlobalSection
	GlobalSection(NestedProjects) = preSolution
		{FBF7B768-5ECF-4A98-B5CC-BC81CEA162AA} = {282B5667-41B0-4B56-A8DB-B129A8F2765A}
		{F3A912BF-1D56-47E9-AD1E-D3CD971521D1} = {282B5667-41B0-4B56-A8DB-B129A8F2765A}
		{4B12A31A-0FC2-40C5-8E9E-C9CE11E5D238} = {C24AE461-BA32-4D74-BC83-6AE6C126EC07}
		{E70D6D79-AD99-477E-82C1-F3D6D02804CB} = {C24AE461-BA32-4D74-BC83-6AE6C126EC07}
		{1F56B741-6C6D-4186-83E8-D62E897224A9} = {C24AE461-BA32-4D74-BC83-6AE6C126EC07}
		{0D3216B8-1DBE-427B-8406-313C4FC2D014} = {FBF7B768-5ECF-4A98-B5CC-BC81CEA162AA}
		{4A65BB74-4709-4DFE-99D3-FD5DF24B5185} = {E70D6D79-AD99-477E-82C1-F3D6D02804CB}
		{A7254BFE-6011-40AC-821C-D9DB21540289} = {E70D6D79-AD99-477E-82C1-F3D6D02804CB}
		{9D6644FC-C11E-4D86-A6D3-1D564C118381} = {1F56B741-6C6D-4186-83E8-D62E897224A9}
		{20C17C63-9F00-4844-A825-122084DEB2C6} = {4B12A31A-0FC2-40C5-8E9E-C9CE11E5D238}
		{991FA022-E013-47BC-955A-0A6E363D0405} = {F3A912BF-1D56-47E9-AD1E-D3CD971521D1}
		{8133FADB-F43B-417C-B30D-946D55236211} = {F3A912BF-1D56-47E9-AD1E-D3CD971521D1}
		{062B3841-81AC-4E75-8DCE-3DAEDE6F8AC1} = {1F56B741-6C6D-4186-83E8-D62E897224A9}
		{A3E5B6B1-B0A4-45C2-9408-DC66FD0AD98B} = {1F56B741-6C6D-4186-83E8-D62E897224A9}
		{E1B8E95A-6DCC-4851-9AF9-88A9DC5182FB} = {F3A912BF-1D56-47E9-AD1E-D3CD971521D1}
		{034BF492-FDBF-4167-B236-4717F1CF87E2} = {1F56B741-6C6D-4186-83E8-D62E897224A9}
		{9505B9E6-1B7B-4557-8278-ACF6ED56B0A6} = {F3A912BF-1D56-47E9-AD1E-D3CD971521D1}
		{0DD3D469-7CB1-4B60-BCAD-396218B08363} = {1F56B741-6C6D-4186-83E8-D62E897224A9}
		{3D71904D-8252-4250-8CCD-0D99BA50CAAD} = {1F56B741-6C6D-4186-83E8-D62E897224A9}
		{E6E628AD-2BD7-48C2-84F5-EEC2F2078D0E} = {1F56B741-6C6D-4186-83E8-D62E897224A9}
		{CEFF976B-49BF-4ED9-B490-3C365955DA24} = {1F56B741-6C6D-4186-83E8-D62E897224A9}
		{3FAE7CD6-8A70-4492-9FA9-B257715AD24F} = {1F56B741-6C6D-4186-83E8-D62E897224A9}
		{D551EEFF-0A91-45AB-AC6D-94DDFBD7876E} = {1F56B741-6C6D-4186-83E8-D62E897224A9}
		{38D65AE8-06AB-4F38-899B-9314555C2E68} = {1F56B741-6C6D-4186-83E8-D62E897224A9}
		{3A791F6B-4993-4B14-9843-8267229355FA} = {F3A912BF-1D56-47E9-AD1E-D3CD971521D1}
		{ABA95211-73F5-4464-87F7-CB82FED99C10} = {F3A912BF-1D56-47E9-AD1E-D3CD971521D1}
		{8FCDB77E-7F3B-4483-9D41-1216D67885F9} = {F3A912BF-1D56-47E9-AD1E-D3CD971521D1}
		{1D0044C9-468F-469E-9AF0-FA426452B2D3} = {F3A912BF-1D56-47E9-AD1E-D3CD971521D1}
		{4F331E4D-15A7-42C0-B70F-6A59EB337757} = {F3A912BF-1D56-47E9-AD1E-D3CD971521D1}
		{BDFC3B80-603F-405C-A54B-D962660B9B36} = {F3A912BF-1D56-47E9-AD1E-D3CD971521D1}
		{7DC462DA-29BB-4122-ADC5-EAA12F21201D} = {4B12A31A-0FC2-40C5-8E9E-C9CE11E5D238}
		{15AF2D13-44A8-4927-9695-26BE136F2DEF} = {1F56B741-6C6D-4186-83E8-D62E897224A9}
	EndGlobalSection
	GlobalSection(ExtensibilityGlobals) = postSolution
		SolutionGuid = {1BFF7604-FC1E-4F13-8290-1EBBB193539C}
	EndGlobalSection
EndGlobal
